PODS:
  - Realm (3.0.0):
    - Realm/Headers (= 3.0.0)
  - Realm/Headers (3.0.0)
  - RealmSwift (3.0.0):
    - Realm (= 3.0.0)
  - SVProgressHUD (2.2.2)

DEPENDENCIES:
  - RealmSwift
  - SVProgressHUD

SPEC CHECKSUMS:
  Realm: dec0de73be8c57506e39db72694d513c189493b3
  RealmSwift: 44a7090b16d1b22a406c6bf129bdd602db1bbecc
  SVProgressHUD: 59b2d3dabacbd051576d21d32293ca7228dc18b0

PODFILE CHECKSUM: f134cdf703c0b9e47e4cccae7636e9373003fdeb

COCOAPODS: 1.1.1
